
Microsoft Visual Studio Solution File, Format Version 12.00
# Visual Studio Version 16
VisualStudioVersion = 16.0.809.2
MinimumVisualStudioVersion = 10.0.40219.1
Project("{FAE04EC0-301F-11D3-BF4B-00C04F79EFBC}") = "IS413_Assignment_9", "IS413_Assignment_9\IS413_Assignment_9.csproj", "{888DE211-EF0D-4488-8F8D-AF67C9D88684}"
EndProject
Global
	GlobalSection(SolutionConfigurationPlatforms) = preSolution
		Debug|Any CPU = Debug|Any CPU
		Release|Any CPU = Release|Any CPU
	EndGlobalSection
	GlobalSection(ProjectConfigurationPlatforms) = postSolution
		{888DE211-EF0D-4488-8F8D-AF67C9D88684}.Debug|Any CPU.ActiveCfg = Debug|Any CPU
		{888DE211-EF0D-4488-8F8D-AF67C9D88684}.Debug|Any CPU.Build.0 = Debug|Any CPU
		{888DE211-EF0D-4488-8F8D-AF67C9D88684}.Release|Any CPU.ActiveCfg = Release|Any CPU
		{888DE211-EF0D-4488-8F8D-AF67C9D88684}.Release|Any CPU.Build.0 = Release|Any CPU
	EndGlobalSection
	GlobalSection(SolutionProperties) = preSolution
		HideSolutionNode = FALSE
	EndGlobalSection
	GlobalSection(ExtensibilityGlobals) = postSolution
		SolutionGuid = {DFE17071-06F4-4E3E-9365-C51E1A0EEAB1}
	EndGlobalSection
EndGlobal
